// !$*UTF8*$!
{
	archiveVersion = 1;
	classes = {
	};
	objectVersion = 50;
	objects = {

/* Begin PBXBuildFile section */
		43C08762268B7C97009A9B6B /* main.cpp in Sources */ = {isa = PBXBuildFile; fileRef = 43C08761268B7C97009A9B6B /* main.cpp */; };
		43C0876A268B7CA7009A9B6B /* OpenGL.framework in Frameworks */ = {isa = PBXBuildFile; fileRef = 43C08769268B7CA7009A9B6B /* OpenGL.framework */; };
		43C0876C268B7CAD009A9B6B /* GLUT.framework in Frameworks */ = {isa = PBXBuildFile; fileRef = 43C0876B268B7CAD009A9B6B /* GLUT.framework */; };
/* End PBXBuildFile section */

/* Begin PBXCopyFilesBuildPhase section */
		43C0875C268B7C97009A9B6B /* CopyFiles */ = {
			isa = PBXCopyFilesBuildPhase;
			buildActionMask = 2147483647;
			dstPath = /usr/share/man/man1/;
			dstSubfolderSpec = 0;
			files = (
			);
			runOnlyForDeploymentPostprocessing = 1;
		};
/* End PBXCopyFilesBuildPhase section */

/* Begin PBXFileReference section */
		43C0875E268B7C97009A9B6B /* RubikCube */ = {isa = PBXFileReference; explicitFileType = "compiled.mach-o.executable"; includeInIndex = 0; path = RubikCube; sourceTree = BUILT_PRODUCTS_DIR; };
		43C08761268B7C97009A9B6B /* main.cpp */ = {isa = PBXFileReference; lastKnownFileType = sourcecode.cpp.cpp; path = main.cpp; sourceTree = "<group>"; };
		43C08769268B7CA7009A9B6B /* OpenGL.framework */ = {isa = PBXFileReference; lastKnownFileType = wrapper.framework; name = OpenGL.framework; path = System/Library/Frameworks/OpenGL.framework; sourceTree = SDKROOT; };
		43C0876B268B7CAD009A9B6B /* GLUT.framework */ = {isa = PBXFileReference; lastKnownFileType = wrapper.framework; name = GLUT.framework; path = System/Library/Frameworks/GLUT.framework; sourceTree = SDKROOT; };
		B8F60226475043B25CD05210 /* output.txt */ = {isa = PBXFileReference; fileEncoding = 4; lastKnownFileType = text; path = output.txt; sourceTree = "<group>"; };
		B8F6031CB326CD73ABD59AF5 /* input.txt */ = {isa = PBXFileReference; fileEncoding = 4; lastKnownFileType = text; path = input.txt; sourceTree = "<group>"; };
		B8F604502D814B5F0DA052F4 /* MiniCube.h */ = {isa = PBXFileReference; fileEncoding = 4; lastKnownFileType = sourcecode.c.h; path = MiniCube.h; sourceTree = "<group>"; };
		B8F604DA45C592367FD76CDF /* GLUTMenu.h */ = {isa = PBXFileReference; fileEncoding = 4; lastKnownFileType = sourcecode.c.h; path = GLUTMenu.h; sourceTree = "<group>"; };
		B8F606ABB18E2443F3693486 /* Timer.h */ = {isa = PBXFileReference; fileEncoding = 4; lastKnownFileType = sourcecode.c.h; path = Timer.h; sourceTree = "<group>"; };
		B8F60B5E22116EA03F4922B2 /* HelpingFunctions.h */ = {isa = PBXFileReference; fileEncoding = 4; lastKnownFileType = sourcecode.c.h; path = HelpingFunctions.h; sourceTree = "<group>"; };
		B8F60BA61759FA3F61865579 /* VisualFunctions.h */ = {isa = PBXFileReference; fileEncoding = 4; lastKnownFileType = sourcecode.c.h; path = VisualFunctions.h; sourceTree = "<group>"; };
		B8F60CC250A620BCC1EDF5DB /* CubeSettings.h */ = {isa = PBXFileReference; fileEncoding = 4; lastKnownFileType = sourcecode.c.h; path = CubeSettings.h; sourceTree = "<group>"; };
		B8F60CF4257F40A499E03DB0 /* RubikCube.h */ = {isa = PBXFileReference; fileEncoding = 4; lastKnownFileType = sourcecode.c.h; path = RubikCube.h; sourceTree = "<group>"; };
		B8F60CF7B04A60A83A67530E /* .gitignore */ = {isa = PBXFileReference; lastKnownFileType = file.gitignore; path = .gitignore; sourceTree = "<group>"; };
		B8F60DF8F2F6FB058D48E3D2 /* VisualCube.h */ = {isa = PBXFileReference; fileEncoding = 4; lastKnownFileType = sourcecode.c.h; path = VisualCube.h; sourceTree = "<group>"; };
/* End PBXFileReference section */

/* Begin PBXFrameworksBuildPhase section */
		43C0875B268B7C97009A9B6B /* Frameworks */ = {
			isa = PBXFrameworksBuildPhase;
			buildActionMask = 2147483647;
			files = (
				43C0876C268B7CAD009A9B6B /* GLUT.framework in Frameworks */,
				43C0876A268B7CA7009A9B6B /* OpenGL.framework in Frameworks */,
			);
			runOnlyForDeploymentPostprocessing = 0;
		};
/* End PBXFrameworksBuildPhase section */

/* Begin PBXGroup section */
		43C08755268B7C97009A9B6B = {
			isa = PBXGroup;
			children = (
				43C08760268B7C97009A9B6B /* RubikCube */,
				43C0875F268B7C97009A9B6B /* Products */,
				43C08768268B7CA7009A9B6B /* Frameworks */,
				B8F60CF7B04A60A83A67530E /* .gitignore */,
			);
			sourceTree = "<group>";
		};
		43C0875F268B7C97009A9B6B /* Products */ = {
			isa = PBXGroup;
			children = (
				43C0875E268B7C97009A9B6B /* RubikCube */,
			);
			name = Products;
			sourceTree = "<group>";
		};
		43C08760268B7C97009A9B6B /* RubikCube */ = {
			isa = PBXGroup;
			children = (
				43C08761268B7C97009A9B6B /* main.cpp */,
				B8F6031CB326CD73ABD59AF5 /* input.txt */,
				B8F60226475043B25CD05210 /* output.txt */,
				B8F60A2C453574358409A0F7 /* Cube */,
				B8F60B87B19CA9D8A0F26C0E /* Other */,
			);
			path = RubikCube;
			sourceTree = "<group>";
		};
		43C08768268B7CA7009A9B6B /* Frameworks */ = {
			isa = PBXGroup;
			children = (
				43C0876B268B7CAD009A9B6B /* GLUT.framework */,
				43C08769268B7CA7009A9B6B /* OpenGL.framework */,
			);
			name = Frameworks;
			sourceTree = "<group>";
		};
		B8F60A2C453574358409A0F7 /* Cube */ = {
			isa = PBXGroup;
			children = (
				B8F60CC250A620BCC1EDF5DB /* CubeSettings.h */,
				B8F604502D814B5F0DA052F4 /* MiniCube.h */,
				B8F60CF4257F40A499E03DB0 /* RubikCube.h */,
				B8F60DF8F2F6FB058D48E3D2 /* VisualCube.h */,
				B8F60BA61759FA3F61865579 /* VisualFunctions.h */,
			);
			path = Cube;
			sourceTree = "<group>";
		};
		B8F60B87B19CA9D8A0F26C0E /* Other */ = {
			isa = PBXGroup;
			children = (
				B8F604DA45C592367FD76CDF /* GLUTMenu.h */,
				B8F60B5E22116EA03F4922B2 /* HelpingFunctions.h */,
				B8F606ABB18E2443F3693486 /* Timer.h */,
			);
			path = Other;
			sourceTree = "<group>";
		};
/* End PBXGroup section */

/* Begin PBXNativeTarget section */
		43C0875D268B7C97009A9B6B /* RubikCube */ = {
			isa = PBXNativeTarget;
			buildConfigurationList = 43C08765268B7C97009A9B6B /* Build configuration list for PBXNativeTarget "RubikCube" */;
			buildPhases = (
				43C0875A268B7C97009A9B6B /* Sources */,
				43C0875B268B7C97009A9B6B /* Frameworks */,
				43C0875C268B7C97009A9B6B /* CopyFiles */,
			);
			buildRules = (
			);
			dependencies = (
			);
			name = RubikCube;
			productName = RubikCube;
			productReference = 43C0875E268B7C97009A9B6B /* RubikCube */;
			productType = "com.apple.product-type.tool";
		};
/* End PBXNativeTarget section */

/* Begin PBXProject section */
		43C08756268B7C97009A9B6B /* Project object */ = {
			isa = PBXProject;
			attributes = {
				LastUpgradeCheck = 1250;
				TargetAttributes = {
					43C0875D268B7C97009A9B6B = {
						CreatedOnToolsVersion = 12.5.1;
					};
				};
			};
			buildConfigurationList = 43C08759268B7C97009A9B6B /* Build configuration list for PBXProject "RubikCube" */;
			compatibilityVersion = "Xcode 9.3";
			developmentRegion = en;
			hasScannedForEncodings = 0;
			knownRegions = (
				en,
				Base,
			);
			mainGroup = 43C08755268B7C97009A9B6B;
			productRefGroup = 43C0875F268B7C97009A9B6B /* Products */;
			projectDirPath = "";
			projectRoot = "";
			targets = (
				43C0875D268B7C97009A9B6B /* RubikCube */,
			);
		};
/* End PBXProject section */

/* Begin PBXSourcesBuildPhase section */
		43C0875A268B7C97009A9B6B /* Sources */ = {
			isa = PBXSourcesBuildPhase;
			buildActionMask = 2147483647;
			files = (
				43C08762268B7C97009A9B6B /* main.cpp in Sources */,
			);
			runOnlyForDeploymentPostprocessing = 0;
		};
/* End PBXSourcesBuildPhase section */

/* Begin XCBuildConfiguration section */
		43C08763268B7C97009A9B6B /* Debug */ = {
			isa = XCBuildConfiguration;
			buildSettings = {
				ALWAYS_SEARCH_USER_PATHS = NO;
				CLANG_ANALYZER_NONNULL = YES;
				CLANG_ANALYZER_NUMBER_OBJECT_CONVERSION = YES_AGGRESSIVE;
				CLANG_CXX_LANGUAGE_STANDARD = "gnu++14";
				CLANG_CXX_LIBRARY = "libc++";
				CLANG_ENABLE_MODULES = YES;
				CLANG_ENABLE_OBJC_ARC = YES;
				CLANG_ENABLE_OBJC_WEAK = YES;
				CLANG_WARN_BLOCK_CAPTURE_AUTORELEASING = YES;
				CLANG_WARN_BOOL_CONVERSION = YES;
				CLANG_WARN_COMMA = YES;
				CLANG_WARN_CONSTANT_CONVERSION = YES;
				CLANG_WARN_DEPRECATED_OBJC_IMPLEMENTATIONS = YES;
				CLANG_WARN_DIRECT_OBJC_ISA_USAGE = YES_ERROR;
				CLANG_WARN_DOCUMENTATION_COMMENTS = YES;
				CLANG_WARN_EMPTY_BODY = YES;
				CLANG_WARN_ENUM_CONVERSION = YES;
				CLANG_WARN_INFINITE_RECURSION = YES;
				CLANG_WARN_INT_CONVERSION = YES;
				CLANG_WARN_NON_LITERAL_NULL_CONVERSION = YES;
				CLANG_WARN_OBJC_IMPLICIT_RETAIN_SELF = YES;
				CLANG_WARN_OBJC_LITERAL_CONVERSION = YES;
				CLANG_WARN_OBJC_ROOT_CLASS = YES_ERROR;
				CLANG_WARN_QUOTED_INCLUDE_IN_FRAMEWORK_HEADER = YES;
				CLANG_WARN_RANGE_LOOP_ANALYSIS = YES;
				CLANG_WARN_STRICT_PROTOTYPES = YES;
				CLANG_WARN_SUSPICIOUS_MOVE = YES;
				CLANG_WARN_UNGUARDED_AVAILABILITY = YES_AGGRESSIVE;
				CLANG_WARN_UNREACHABLE_CODE = YES;
				CLANG_WARN__DUPLICATE_METHOD_MATCH = YES;
				COPY_PHASE_STRIP = NO;
				DEBUG_INFORMATION_FORMAT = dwarf;
				ENABLE_STRICT_OBJC_MSGSEND = YES;
				ENABLE_TESTABILITY = YES;
				GCC_C_LANGUAGE_STANDARD = gnu11;
				GCC_DYNAMIC_NO_PIC = NO;
				GCC_NO_COMMON_BLOCKS = YES;
				GCC_OPTIMIZATION_LEVEL = 0;
				GCC_PREPROCESSOR_DEFINITIONS = (
					"DEBUG=1",
					"$(inherited)",
				);
				GCC_WARN_64_TO_32_BIT_CONVERSION = YES;
				GCC_WARN_ABOUT_RETURN_TYPE = YES_ERROR;
				GCC_WARN_UNDECLARED_SELECTOR = YES;
				GCC_WARN_UNINITIALIZED_AUTOS = YES_AGGRESSIVE;
				GCC_WARN_UNUSED_FUNCTION = YES;
				GCC_WARN_UNUSED_VARIABLE = YES;
				MACOSX_DEPLOYMENT_TARGET = 11.3;
				MTL_ENABLE_DEBUG_INFO = INCLUDE_SOURCE;
				MTL_FAST_MATH = YES;
				ONLY_ACTIVE_ARCH = YES;
				SDKROOT = macosx;
			};
			name = Debug;
		};
		43C08764268B7C97009A9B6B /* Release */ = {
			isa = XCBuildConfiguration;
			buildSettings = {
				ALWAYS_SEARCH_USER_PATHS = NO;
				CLANG_ANALYZER_NONNULL = YES;
				CLANG_ANALYZER_NUMBER_OBJECT_CONVERSION = YES_AGGRESSIVE;
				CLANG_CXX_LANGUAGE_STANDARD = "gnu++14";
				CLANG_CXX_LIBRARY = "libc++";
				CLANG_ENABLE_MODULES = YES;
				CLANG_ENABLE_OBJC_ARC = YES;
				CLANG_ENABLE_OBJC_WEAK = YES;
				CLANG_WARN_BLOCK_CAPTURE_AUTORELEASING = YES;
				CLANG_WARN_BOOL_CONVERSION = YES;
				CLANG_WARN_COMMA = YES;
				CLANG_WARN_CONSTANT_CONVERSION = YES;
				CLANG_WARN_DEPRECATED_OBJC_IMPLEMENTATIONS = YES;
				CLANG_WARN_DIRECT_OBJC_ISA_USAGE = YES_ERROR;
				CLANG_WARN_DOCUMENTATION_COMMENTS = YES;
				CLANG_WARN_EMPTY_BODY = YES;
				CLANG_WARN_ENUM_CONVERSION = YES;
				CLANG_WARN_INFINITE_RECURSION = YES;
				CLANG_WARN_INT_CONVERSION = YES;
				CLANG_WARN_NON_LITERAL_NULL_CONVERSION = YES;
				CLANG_WARN_OBJC_IMPLICIT_RETAIN_SELF = YES;
				CLANG_WARN_OBJC_LITERAL_CONVERSION = YES;
				CLANG_WARN_OBJC_ROOT_CLASS = YES_ERROR;
				CLANG_WARN_QUOTED_INCLUDE_IN_FRAMEWORK_HEADER = YES;
				CLANG_WARN_RANGE_LOOP_ANALYSIS = YES;
				CLANG_WARN_STRICT_PROTOTYPES = YES;
				CLANG_WARN_SUSPICIOUS_MOVE = YES;
				CLANG_WARN_UNGUARDED_AVAILABILITY = YES_AGGRESSIVE;
				CLANG_WARN_UNREACHABLE_CODE = YES;
				CLANG_WARN__DUPLICATE_METHOD_MATCH = YES;
				COPY_PHASE_STRIP = NO;
				DEBUG_INFORMATION_FORMAT = "dwarf-with-dsym";
				ENABLE_NS_ASSERTIONS = NO;
				ENABLE_STRICT_OBJC_MSGSEND = YES;
				GCC_C_LANGUAGE_STANDARD = gnu11;
				GCC_NO_COMMON_BLOCKS = YES;
				GCC_WARN_64_TO_32_BIT_CONVERSION = YES;
				GCC_WARN_ABOUT_RETURN_TYPE = YES_ERROR;
				GCC_WARN_UNDECLARED_SELECTOR = YES;
				GCC_WARN_UNINITIALIZED_AUTOS = YES_AGGRESSIVE;
				GCC_WARN_UNUSED_FUNCTION = YES;
				GCC_WARN_UNUSED_VARIABLE = YES;
				MACOSX_DEPLOYMENT_TARGET = 11.3;
				MTL_ENABLE_DEBUG_INFO = NO;
				MTL_FAST_MATH = YES;
				SDKROOT = macosx;
			};
			name = Release;
		};
		43C08766268B7C97009A9B6B /* Debug */ = {
			isa = XCBuildConfiguration;
			buildSettings = {
				CODE_SIGN_STYLE = Automatic;
				OTHER_LDFLAGS = (
				);
				OTHER_LIBTOOLFLAGS = (
				);
				PRODUCT_NAME = "$(TARGET_NAME)";
			};
			name = Debug;
		};
		43C08767268B7C97009A9B6B /* Release */ = {
			isa = XCBuildConfiguration;
			buildSettings = {
				CODE_SIGN_STYLE = Automatic;
				OTHER_LDFLAGS = (
				);
				PRODUCT_NAME = "$(TARGET_NAME)";
			};
			name = Release;
		};
/* End XCBuildConfiguration section */

/* Begin XCConfigurationList section */
		43C08759268B7C97009A9B6B /* Build configuration list for PBXProject "RubikCube" */ = {
			isa = XCConfigurationList;
			buildConfigurations = (
				43C08763268B7C97009A9B6B /* Debug */,
				43C08764268B7C97009A9B6B /* Release */,
			);
			defaultConfigurationIsVisible = 0;
			defaultConfigurationName = Release;
		};
		43C08765268B7C97009A9B6B /* Build configuration list for PBXNativeTarget "RubikCube" */ = {
			isa = XCConfigurationList;
			buildConfigurations = (
				43C08766268B7C97009A9B6B /* Debug */,
				43C08767268B7C97009A9B6B /* Release */,
			);
			defaultConfigurationIsVisible = 0;
			defaultConfigurationName = Release;
		};
/* End XCConfigurationList section */
	};
	rootObject = 43C08756268B7C97009A9B6B /* Project object */;
}
